
Microsoft Visual Studio Solution File, Format Version 12.00
# Visual Studio Version 17
VisualStudioVersion = 17.4.33122.133
MinimumVisualStudioVersion = 10.0.40219.1
Project("{9A19103F-16F7-4668-BE54-9A1E7A4F7556}") = "DietPlanner", "DietPlanner\DietPlanner.csproj", "{725FE4D9-FF04-4711-95F9-B0D07FB7376C}"
EndProject
Project("{FAE04EC0-301F-11D3-BF4B-00C04F79EFBC}") = "DietPlanner.DAL", "DietPlanner.DAL\DietPlanner.DAL.csproj", "{AAF0031A-ED21-42E5-B9D6-1458CBB83073}"
EndProject
Global
	GlobalSection(SolutionConfigurationPlatforms) = preSolution
		Debug|Any CPU = Debug|Any CPU
		Release|Any CPU = Release|Any CPU
	EndGlobalSection
	GlobalSection(ProjectConfigurationPlatforms) = postSolution
		{725FE4D9-FF04-4711-95F9-B0D07FB7376C}.Debug|Any CPU.ActiveCfg = Debug|Any CPU
		{725FE4D9-FF04-4711-95F9-B0D07FB7376C}.Debug|Any CPU.Build.0 = Debug|Any CPU
		{725FE4D9-FF04-4711-95F9-B0D07FB7376C}.Release|Any CPU.ActiveCfg = Release|Any CPU
		{725FE4D9-FF04-4711-95F9-B0D07FB7376C}.Release|Any CPU.Build.0 = Release|Any CPU
		{AAF0031A-ED21-42E5-B9D6-1458CBB83073}.Debug|Any CPU.ActiveCfg = Debug|Any CPU
		{AAF0031A-ED21-42E5-B9D6-1458CBB83073}.Debug|Any CPU.Build.0 = Debug|Any CPU
		{AAF0031A-ED21-42E5-B9D6-1458CBB83073}.Release|Any CPU.ActiveCfg = Release|Any CPU
		{AAF0031A-ED21-42E5-B9D6-1458CBB83073}.Release|Any CPU.Build.0 = Release|Any CPU
	EndGlobalSection
	GlobalSection(SolutionProperties) = preSolution
		HideSolutionNode = FALSE
	EndGlobalSection
	GlobalSection(ExtensibilityGlobals) = postSolution
		SolutionGuid = {8A3B5016-9F42-4F1E-80A8-455998EDAF3C}
	EndGlobalSection
EndGlobal
